
Microsoft Visual Studio Solution File, Format Version 12.00
# Visual Studio 2013
VisualStudioVersion = 12.0.21005.1
MinimumVisualStudioVersion = 10.0.40219.1
Project("{FAE04EC0-301F-11D3-BF4B-00C04F79EFBC}") = "IW5_proj1", "IW5_proj1\IW5_proj1.csproj", "{4837AC1C-4D4A-40A1-A52B-9D88EE96998B}"
EndProject
Project("{FAE04EC0-301F-11D3-BF4B-00C04F79EFBC}") = "IW5_proj1_GUI", "IW5_proj1_GUI\IW5_proj1_GUI.csproj", "{A38B23C4-1B54-4C4A-9FC4-DCFDBFF134A3}"
EndProject
Global
	GlobalSection(SolutionConfigurationPlatforms) = preSolution
		Debug|Any CPU = Debug|Any CPU
		Release|Any CPU = Release|Any CPU
	EndGlobalSection
	GlobalSection(ProjectConfigurationPlatforms) = postSolution
		{4837AC1C-4D4A-40A1-A52B-9D88EE96998B}.Debug|Any CPU.ActiveCfg = Debug|Any CPU
		{4837AC1C-4D4A-40A1-A52B-9D88EE96998B}.Debug|Any CPU.Build.0 = Debug|Any CPU
		{4837AC1C-4D4A-40A1-A52B-9D88EE96998B}.Release|Any CPU.ActiveCfg = Release|Any CPU
		{4837AC1C-4D4A-40A1-A52B-9D88EE96998B}.Release|Any CPU.Build.0 = Release|Any CPU
		{A38B23C4-1B54-4C4A-9FC4-DCFDBFF134A3}.Debug|Any CPU.ActiveCfg = Debug|Any CPU
		{A38B23C4-1B54-4C4A-9FC4-DCFDBFF134A3}.Debug|Any CPU.Build.0 = Debug|Any CPU
		{A38B23C4-1B54-4C4A-9FC4-DCFDBFF134A3}.Release|Any CPU.ActiveCfg = Release|Any CPU
		{A38B23C4-1B54-4C4A-9FC4-DCFDBFF134A3}.Release|Any CPU.Build.0 = Release|Any CPU
	EndGlobalSection
	GlobalSection(SolutionProperties) = preSolution
		HideSolutionNode = FALSE
	EndGlobalSection
EndGlobal
